// !$*UTF8*$!
{
	archiveVersion = 1;
	classes = {
	};
	objectVersion = 56;
	objects = {

/* Begin PBXBuildFile section */
		CDE2FDF22BF834590031D8CE /* AppDelegate.swift in Sources */ = {isa = PBXBuildFile; fileRef = CDE2FDF12BF834590031D8CE /* AppDelegate.swift */; };
		CDE2FDF42BF834590031D8CE /* SceneDelegate.swift in Sources */ = {isa = PBXBuildFile; fileRef = CDE2FDF32BF834590031D8CE /* SceneDelegate.swift */; };
		CDE2FDF92BF834590031D8CE /* Main.storyboard in Resources */ = {isa = PBXBuildFile; fileRef = CDE2FDF72BF834590031D8CE /* Main.storyboard */; };
		CDE2FDFB2BF8345A0031D8CE /* Assets.xcassets in Resources */ = {isa = PBXBuildFile; fileRef = CDE2FDFA2BF8345A0031D8CE /* Assets.xcassets */; };
		CDE2FDFE2BF8345A0031D8CE /* LaunchScreen.storyboard in Resources */ = {isa = PBXBuildFile; fileRef = CDE2FDFC2BF8345A0031D8CE /* LaunchScreen.storyboard */; };
/* End PBXBuildFile section */

/* Begin PBXContainerItemProxy section */
		CDE2FE052BF8345A0031D8CE /* PBXContainerItemProxy */ = {
			isa = PBXContainerItemProxy;
			containerPortal = CDE2FDE62BF834590031D8CE /* Project object */;
			proxyType = 1;
			remoteGlobalIDString = CDE2FDED2BF834590031D8CE;
			remoteInfo = MagicTheGathering;
		};
/* End PBXContainerItemProxy section */

/* Begin PBXFileReference section */
		CDE2FDEE2BF834590031D8CE /* MagicTheGathering.app */ = {isa = PBXFileReference; explicitFileType = wrapper.application; includeInIndex = 0; path = MagicTheGathering.app; sourceTree = BUILT_PRODUCTS_DIR; };
		CDE2FDF12BF834590031D8CE /* AppDelegate.swift */ = {isa = PBXFileReference; lastKnownFileType = sourcecode.swift; path = AppDelegate.swift; sourceTree = "<group>"; };
		CDE2FDF32BF834590031D8CE /* SceneDelegate.swift */ = {isa = PBXFileReference; lastKnownFileType = sourcecode.swift; path = SceneDelegate.swift; sourceTree = "<group>"; };
		CDE2FDF82BF834590031D8CE /* Base */ = {isa = PBXFileReference; lastKnownFileType = file.storyboard; name = Base; path = Base.lproj/Main.storyboard; sourceTree = "<group>"; };
		CDE2FDFA2BF8345A0031D8CE /* Assets.xcassets */ = {isa = PBXFileReference; lastKnownFileType = folder.assetcatalog; path = Assets.xcassets; sourceTree = "<group>"; };
		CDE2FDFD2BF8345A0031D8CE /* Base */ = {isa = PBXFileReference; lastKnownFileType = file.storyboard; name = Base; path = Base.lproj/LaunchScreen.storyboard; sourceTree = "<group>"; };
		CDE2FDFF2BF8345A0031D8CE /* Info.plist */ = {isa = PBXFileReference; lastKnownFileType = text.plist.xml; path = Info.plist; sourceTree = "<group>"; };
		CDE2FE042BF8345A0031D8CE /* MagicTheGatheringTests.xctest */ = {isa = PBXFileReference; explicitFileType = wrapper.cfbundle; includeInIndex = 0; path = MagicTheGatheringTests.xctest; sourceTree = BUILT_PRODUCTS_DIR; };
/* End PBXFileReference section */

/* Begin PBXFrameworksBuildPhase section */
		CDE2FDEB2BF834590031D8CE /* Frameworks */ = {
			isa = PBXFrameworksBuildPhase;
			buildActionMask = 2147483647;
			files = (
			);
			runOnlyForDeploymentPostprocessing = 0;
		};
		CDE2FE012BF8345A0031D8CE /* Frameworks */ = {
			isa = PBXFrameworksBuildPhase;
			buildActionMask = 2147483647;
			files = (
			);
			runOnlyForDeploymentPostprocessing = 0;
		};
/* End PBXFrameworksBuildPhase section */

/* Begin PBXGroup section */
		CDE2FDE52BF834590031D8CE = {
			isa = PBXGroup;
			children = (
				CDE2FDF02BF834590031D8CE /* MagicTheGathering */,
				CDE2FE072BF8345A0031D8CE /* MagicTheGatheringTests */,
				CDE2FDEF2BF834590031D8CE /* Products */,
			);
			sourceTree = "<group>";
		};
		CDE2FDEF2BF834590031D8CE /* Products */ = {
			isa = PBXGroup;
			children = (
				CDE2FDEE2BF834590031D8CE /* MagicTheGathering.app */,
				CDE2FE042BF8345A0031D8CE /* MagicTheGatheringTests.xctest */,
			);
			name = Products;
			sourceTree = "<group>";
		};
		CDE2FDF02BF834590031D8CE /* MagicTheGathering */ = {
			isa = PBXGroup;
			children = (
				CDE2FE222BF8380D0031D8CE /* App */,
				CDE2FE232BF838340031D8CE /* Sources */,
			);
			path = MagicTheGathering;
			sourceTree = "<group>";
		};
		CDE2FE072BF8345A0031D8CE /* MagicTheGatheringTests */ = {
			isa = PBXGroup;
			children = (
			);
			path = MagicTheGatheringTests;
			sourceTree = "<group>";
		};
		CDE2FE212BF837420031D8CE /* Main */ = {
			isa = PBXGroup;
			children = (
				CDE2FDF72BF834590031D8CE /* Main.storyboard */,
			);
			path = Main;
			sourceTree = "<group>";
		};
		CDE2FE222BF8380D0031D8CE /* App */ = {
			isa = PBXGroup;
			children = (
				CDE2FDF12BF834590031D8CE /* AppDelegate.swift */,
				CDE2FDF32BF834590031D8CE /* SceneDelegate.swift */,
				CDE2FDFC2BF8345A0031D8CE /* LaunchScreen.storyboard */,
				CDE2FDFF2BF8345A0031D8CE /* Info.plist */,
			);
			path = App;
			sourceTree = "<group>";
		};
		CDE2FE232BF838340031D8CE /* Sources */ = {
			isa = PBXGroup;
			children = (
				CDE2FE262BF838B40031D8CE /* Data */,
				CDE2FE252BF838AA0031D8CE /* Domain */,
				CDE2FE242BF838990031D8CE /* Presentation */,
			);
			path = Sources;
			sourceTree = "<group>";
		};
		CDE2FE242BF838990031D8CE /* Presentation */ = {
			isa = PBXGroup;
			children = (
				CDE2FE272BF838C90031D8CE /* Assets */,
				CDE2FE212BF837420031D8CE /* Main */,
			);
			path = Presentation;
			sourceTree = "<group>";
		};
		CDE2FE252BF838AA0031D8CE /* Domain */ = {
			isa = PBXGroup;
			children = (
			);
			path = Domain;
			sourceTree = "<group>";
		};
		CDE2FE262BF838B40031D8CE /* Data */ = {
			isa = PBXGroup;
			children = (
			);
			path = Data;
			sourceTree = "<group>";
		};
		CDE2FE272BF838C90031D8CE /* Assets */ = {
			isa = PBXGroup;
			children = (
				CDE2FDFA2BF8345A0031D8CE /* Assets.xcassets */,
			);
			path = Assets;
			sourceTree = "<group>";
		};
/* End PBXGroup section */

/* Begin PBXNativeTarget section */
		CDE2FDED2BF834590031D8CE /* MagicTheGathering */ = {
			isa = PBXNativeTarget;
			buildConfigurationList = CDE2FE182BF8345A0031D8CE /* Build configuration list for PBXNativeTarget "MagicTheGathering" */;
			buildPhases = (
				CDE2FDEA2BF834590031D8CE /* Sources */,
				CDE2FDEB2BF834590031D8CE /* Frameworks */,
				CDE2FDEC2BF834590031D8CE /* Resources */,
			);
			buildRules = (
			);
			dependencies = (
			);
			name = MagicTheGathering;
			productName = MagicTheGathering;
			productReference = CDE2FDEE2BF834590031D8CE /* MagicTheGathering.app */;
			productType = "com.apple.product-type.application";
		};
		CDE2FE032BF8345A0031D8CE /* MagicTheGatheringTests */ = {
			isa = PBXNativeTarget;
			buildConfigurationList = CDE2FE1B2BF8345A0031D8CE /* Build configuration list for PBXNativeTarget "MagicTheGatheringTests" */;
			buildPhases = (
				CDE2FE002BF8345A0031D8CE /* Sources */,
				CDE2FE012BF8345A0031D8CE /* Frameworks */,
				CDE2FE022BF8345A0031D8CE /* Resources */,
			);
			buildRules = (
			);
			dependencies = (
				CDE2FE062BF8345A0031D8CE /* PBXTargetDependency */,
			);
			name = MagicTheGatheringTests;
			productName = MagicTheGatheringTests;
			productReference = CDE2FE042BF8345A0031D8CE /* MagicTheGatheringTests.xctest */;
			productType = "com.apple.product-type.bundle.unit-test";
		};
/* End PBXNativeTarget section */

/* Begin PBXProject section */
		CDE2FDE62BF834590031D8CE /* Project object */ = {
			isa = PBXProject;
			attributes = {
				BuildIndependentTargetsInParallel = 1;
				LastSwiftUpdateCheck = 1520;
				LastUpgradeCheck = 1520;
				TargetAttributes = {
					CDE2FDED2BF834590031D8CE = {
						CreatedOnToolsVersion = 15.2;
					};
					CDE2FE032BF8345A0031D8CE = {
						CreatedOnToolsVersion = 15.2;
						TestTargetID = CDE2FDED2BF834590031D8CE;
					};
				};
			};
			buildConfigurationList = CDE2FDE92BF834590031D8CE /* Build configuration list for PBXProject "MagicTheGathering" */;
			compatibilityVersion = "Xcode 14.0";
			developmentRegion = en;
			hasScannedForEncodings = 0;
			knownRegions = (
				en,
				Base,
			);
			mainGroup = CDE2FDE52BF834590031D8CE;
			productRefGroup = CDE2FDEF2BF834590031D8CE /* Products */;
			projectDirPath = "";
			projectRoot = "";
			targets = (
				CDE2FDED2BF834590031D8CE /* MagicTheGathering */,
				CDE2FE032BF8345A0031D8CE /* MagicTheGatheringTests */,
			);
		};
/* End PBXProject section */

/* Begin PBXResourcesBuildPhase section */
		CDE2FDEC2BF834590031D8CE /* Resources */ = {
			isa = PBXResourcesBuildPhase;
			buildActionMask = 2147483647;
			files = (
				CDE2FDFE2BF8345A0031D8CE /* LaunchScreen.storyboard in Resources */,
				CDE2FDFB2BF8345A0031D8CE /* Assets.xcassets in Resources */,
				CDE2FDF92BF834590031D8CE /* Main.storyboard in Resources */,
			);
			runOnlyForDeploymentPostprocessing = 0;
		};
		CDE2FE022BF8345A0031D8CE /* Resources */ = {
			isa = PBXResourcesBuildPhase;
			buildActionMask = 2147483647;
			files = (
			);
			runOnlyForDeploymentPostprocessing = 0;
		};
/* End PBXResourcesBuildPhase section */

/* Begin PBXSourcesBuildPhase section */
		CDE2FDEA2BF834590031D8CE /* Sources */ = {
			isa = PBXSourcesBuildPhase;
			buildActionMask = 2147483647;
			files = (
				CDE2FDF22BF834590031D8CE /* AppDelegate.swift in Sources */,
				CDE2FDF42BF834590031D8CE /* SceneDelegate.swift in Sources */,
			);
			runOnlyForDeploymentPostprocessing = 0;
		};
		CDE2FE002BF8345A0031D8CE /* Sources */ = {
			isa = PBXSourcesBuildPhase;
			buildActionMask = 2147483647;
			files = (
			);
			runOnlyForDeploymentPostprocessing = 0;
		};
/* End PBXSourcesBuildPhase section */

/* Begin PBXTargetDependency section */
		CDE2FE062BF8345A0031D8CE /* PBXTargetDependency */ = {
			isa = PBXTargetDependency;
			target = CDE2FDED2BF834590031D8CE /* MagicTheGathering */;
			targetProxy = CDE2FE052BF8345A0031D8CE /* PBXContainerItemProxy */;
		};
/* End PBXTargetDependency section */

/* Begin PBXVariantGroup section */
		CDE2FDF72BF834590031D8CE /* Main.storyboard */ = {
			isa = PBXVariantGroup;
			children = (
				CDE2FDF82BF834590031D8CE /* Base */,
			);
			name = Main.storyboard;
			sourceTree = "<group>";
		};
		CDE2FDFC2BF8345A0031D8CE /* LaunchScreen.storyboard */ = {
			isa = PBXVariantGroup;
			children = (
				CDE2FDFD2BF8345A0031D8CE /* Base */,
			);
			name = LaunchScreen.storyboard;
			sourceTree = "<group>";
		};
/* End PBXVariantGroup section */

/* Begin XCBuildConfiguration section */
		CDE2FE162BF8345A0031D8CE /* Debug */ = {
			isa = XCBuildConfiguration;
			buildSettings = {
				ALWAYS_SEARCH_USER_PATHS = NO;
				ASSETCATALOG_COMPILER_GENERATE_SWIFT_ASSET_SYMBOL_EXTENSIONS = YES;
				CLANG_ANALYZER_NONNULL = YES;
				CLANG_ANALYZER_NUMBER_OBJECT_CONVERSION = YES_AGGRESSIVE;
				CLANG_CXX_LANGUAGE_STANDARD = "gnu++20";
				CLANG_ENABLE_MODULES = YES;
				CLANG_ENABLE_OBJC_ARC = YES;
				CLANG_ENABLE_OBJC_WEAK = YES;
				CLANG_WARN_BLOCK_CAPTURE_AUTORELEASING = YES;
				CLANG_WARN_BOOL_CONVERSION = YES;
				CLANG_WARN_COMMA = YES;
				CLANG_WARN_CONSTANT_CONVERSION = YES;
				CLANG_WARN_DEPRECATED_OBJC_IMPLEMENTATIONS = YES;
				CLANG_WARN_DIRECT_OBJC_ISA_USAGE = YES_ERROR;
				CLANG_WARN_DOCUMENTATION_COMMENTS = YES;
				CLANG_WARN_EMPTY_BODY = YES;
				CLANG_WARN_ENUM_CONVERSION = YES;
				CLANG_WARN_INFINITE_RECURSION = YES;
				CLANG_WARN_INT_CONVERSION = YES;
				CLANG_WARN_NON_LITERAL_NULL_CONVERSION = YES;
				CLANG_WARN_OBJC_IMPLICIT_RETAIN_SELF = YES;
				CLANG_WARN_OBJC_LITERAL_CONVERSION = YES;
				CLANG_WARN_OBJC_ROOT_CLASS = YES_ERROR;
				CLANG_WARN_QUOTED_INCLUDE_IN_FRAMEWORK_HEADER = YES;
				CLANG_WARN_RANGE_LOOP_ANALYSIS = YES;
				CLANG_WARN_STRICT_PROTOTYPES = YES;
				CLANG_WARN_SUSPICIOUS_MOVE = YES;
				CLANG_WARN_UNGUARDED_AVAILABILITY = YES_AGGRESSIVE;
				CLANG_WARN_UNREACHABLE_CODE = YES;
				CLANG_WARN__DUPLICATE_METHOD_MATCH = YES;
				COPY_PHASE_STRIP = NO;
				DEBUG_INFORMATION_FORMAT = dwarf;
				ENABLE_STRICT_OBJC_MSGSEND = YES;
				ENABLE_TESTABILITY = YES;
				ENABLE_USER_SCRIPT_SANDBOXING = YES;
				GCC_C_LANGUAGE_STANDARD = gnu17;
				GCC_DYNAMIC_NO_PIC = NO;
				GCC_NO_COMMON_BLOCKS = YES;
				GCC_OPTIMIZATION_LEVEL = 0;
				GCC_PREPROCESSOR_DEFINITIONS = (
					"DEBUG=1",
					"$(inherited)",
				);
				GCC_WARN_64_TO_32_BIT_CONVERSION = YES;
				GCC_WARN_ABOUT_RETURN_TYPE = YES_ERROR;
				GCC_WARN_UNDECLARED_SELECTOR = YES;
				GCC_WARN_UNINITIALIZED_AUTOS = YES_AGGRESSIVE;
				GCC_WARN_UNUSED_FUNCTION = YES;
				GCC_WARN_UNUSED_VARIABLE = YES;
				IPHONEOS_DEPLOYMENT_TARGET = 17.2;
				LOCALIZATION_PREFERS_STRING_CATALOGS = YES;
				MTL_ENABLE_DEBUG_INFO = INCLUDE_SOURCE;
				MTL_FAST_MATH = YES;
				ONLY_ACTIVE_ARCH = YES;
				SDKROOT = iphoneos;
				SWIFT_ACTIVE_COMPILATION_CONDITIONS = "DEBUG $(inherited)";
				SWIFT_OPTIMIZATION_LEVEL = "-Onone";
			};
			name = Debug;
		};
		CDE2FE172BF8345A0031D8CE /* Release */ = {
			isa = XCBuildConfiguration;
			buildSettings = {
				ALWAYS_SEARCH_USER_PATHS = NO;
				ASSETCATALOG_COMPILER_GENERATE_SWIFT_ASSET_SYMBOL_EXTENSIONS = YES;
				CLANG_ANALYZER_NONNULL = YES;
				CLANG_ANALYZER_NUMBER_OBJECT_CONVERSION = YES_AGGRESSIVE;
				CLANG_CXX_LANGUAGE_STANDARD = "gnu++20";
				CLANG_ENABLE_MODULES = YES;
				CLANG_ENABLE_OBJC_ARC = YES;
				CLANG_ENABLE_OBJC_WEAK = YES;
				CLANG_WARN_BLOCK_CAPTURE_AUTORELEASING = YES;
				CLANG_WARN_BOOL_CONVERSION = YES;
				CLANG_WARN_COMMA = YES;
				CLANG_WARN_CONSTANT_CONVERSION = YES;
				CLANG_WARN_DEPRECATED_OBJC_IMPLEMENTATIONS = YES;
				CLANG_WARN_DIRECT_OBJC_ISA_USAGE = YES_ERROR;
				CLANG_WARN_DOCUMENTATION_COMMENTS = YES;
				CLANG_WARN_EMPTY_BODY = YES;
				CLANG_WARN_ENUM_CONVERSION = YES;
				CLANG_WARN_INFINITE_RECURSION = YES;
				CLANG_WARN_INT_CONVERSION = YES;
				CLANG_WARN_NON_LITERAL_NULL_CONVERSION = YES;
				CLANG_WARN_OBJC_IMPLICIT_RETAIN_SELF = YES;
				CLANG_WARN_OBJC_LITERAL_CONVERSION = YES;
				CLANG_WARN_OBJC_ROOT_CLASS = YES_ERROR;
				CLANG_WARN_QUOTED_INCLUDE_IN_FRAMEWORK_HEADER = YES;
				CLANG_WARN_RANGE_LOOP_ANALYSIS = YES;
				CLANG_WARN_STRICT_PROTOTYPES = YES;
				CLANG_WARN_SUSPICIOUS_MOVE = YES;
				CLANG_WARN_UNGUARDED_AVAILABILITY = YES_AGGRESSIVE;
				CLANG_WARN_UNREACHABLE_CODE = YES;
				CLANG_WARN__DUPLICATE_METHOD_MATCH = YES;
				COPY_PHASE_STRIP = NO;
				DEBUG_INFORMATION_FORMAT = "dwarf-with-dsym";
				ENABLE_NS_ASSERTIONS = NO;
				ENABLE_STRICT_OBJC_MSGSEND = YES;
				ENABLE_USER_SCRIPT_SANDBOXING = YES;
				GCC_C_LANGUAGE_STANDARD = gnu17;
				GCC_NO_COMMON_BLOCKS = YES;
				GCC_WARN_64_TO_32_BIT_CONVERSION = YES;
				GCC_WARN_ABOUT_RETURN_TYPE = YES_ERROR;
				GCC_WARN_UNDECLARED_SELECTOR = YES;
				GCC_WARN_UNINITIALIZED_AUTOS = YES_AGGRESSIVE;
				GCC_WARN_UNUSED_FUNCTION = YES;
				GCC_WARN_UNUSED_VARIABLE = YES;
				IPHONEOS_DEPLOYMENT_TARGET = 17.2;
				LOCALIZATION_PREFERS_STRING_CATALOGS = YES;
				MTL_ENABLE_DEBUG_INFO = NO;
				MTL_FAST_MATH = YES;
				SDKROOT = iphoneos;
				SWIFT_COMPILATION_MODE = wholemodule;
				VALIDATE_PRODUCT = YES;
			};
			name = Release;
		};
		CDE2FE192BF8345A0031D8CE /* Debug */ = {
			isa = XCBuildConfiguration;
			buildSettings = {
				ASSETCATALOG_COMPILER_APPICON_NAME = AppIcon;
				ASSETCATALOG_COMPILER_GLOBAL_ACCENT_COLOR_NAME = AccentColor;
				CODE_SIGN_STYLE = Automatic;
				CURRENT_PROJECT_VERSION = 1;
				DEVELOPMENT_TEAM = 52PJAVGKPQ;
				GENERATE_INFOPLIST_FILE = YES;
				INFOPLIST_FILE = MagicTheGathering/App/Info.plist;
				INFOPLIST_KEY_UIApplicationSupportsIndirectInputEvents = YES;
				INFOPLIST_KEY_UILaunchStoryboardName = LaunchScreen;
				INFOPLIST_KEY_UIMainStoryboardFile = Main;
				INFOPLIST_KEY_UISupportedInterfaceOrientations_iPad = "UIInterfaceOrientationPortrait UIInterfaceOrientationPortraitUpsideDown UIInterfaceOrientationLandscapeLeft UIInterfaceOrientationLandscapeRight";
				INFOPLIST_KEY_UISupportedInterfaceOrientations_iPhone = "UIInterfaceOrientationPortrait UIInterfaceOrientationLandscapeLeft UIInterfaceOrientationLandscapeRight";
				LD_RUNPATH_SEARCH_PATHS = (
					"$(inherited)",
					"@executable_path/Frameworks",
				);
				MARKETING_VERSION = 1.0;
				PRODUCT_BUNDLE_IDENTIFIER = com.drsoft.MagicTheGathering;
				PRODUCT_NAME = "$(TARGET_NAME)";
				SWIFT_EMIT_LOC_STRINGS = YES;
				SWIFT_VERSION = 5.0;
				TARGETED_DEVICE_FAMILY = "1,2";
			};
			name = Debug;
		};
		CDE2FE1A2BF8345A0031D8CE /* Release */ = {
			isa = XCBuildConfiguration;
			buildSettings = {
				ASSETCATALOG_COMPILER_APPICON_NAME = AppIcon;
				ASSETCATALOG_COMPILER_GLOBAL_ACCENT_COLOR_NAME = AccentColor;
				CODE_SIGN_STYLE = Automatic;
				CURRENT_PROJECT_VERSION = 1;
				DEVELOPMENT_TEAM = 52PJAVGKPQ;
				GENERATE_INFOPLIST_FILE = YES;
				INFOPLIST_FILE = MagicTheGathering/App/Info.plist;
				INFOPLIST_KEY_UIApplicationSupportsIndirectInputEvents = YES;
				INFOPLIST_KEY_UILaunchStoryboardName = LaunchScreen;
				INFOPLIST_KEY_UIMainStoryboardFile = Main;
				INFOPLIST_KEY_UISupportedInterfaceOrientations_iPad = "UIInterfaceOrientationPortrait UIInterfaceOrientationPortraitUpsideDown UIInterfaceOrientationLandscapeLeft UIInterfaceOrientationLandscapeRight";
				INFOPLIST_KEY_UISupportedInterfaceOrientations_iPhone = "UIInterfaceOrientationPortrait UIInterfaceOrientationLandscapeLeft UIInterfaceOrientationLandscapeRight";
				LD_RUNPATH_SEARCH_PATHS = (
					"$(inherited)",
					"@executable_path/Frameworks",
				);
				MARKETING_VERSION = 1.0;
				PRODUCT_BUNDLE_IDENTIFIER = com.drsoft.MagicTheGathering;
				PRODUCT_NAME = "$(TARGET_NAME)";
				SWIFT_EMIT_LOC_STRINGS = YES;
				SWIFT_VERSION = 5.0;
				TARGETED_DEVICE_FAMILY = "1,2";
			};
			name = Release;
		};
		CDE2FE1C2BF8345A0031D8CE /* Debug */ = {
			isa = XCBuildConfiguration;
			buildSettings = {
				ALWAYS_EMBED_SWIFT_STANDARD_LIBRARIES = YES;
				BUNDLE_LOADER = "$(TEST_HOST)";
				CODE_SIGN_STYLE = Automatic;
				CURRENT_PROJECT_VERSION = 1;
				DEVELOPMENT_TEAM = 52PJAVGKPQ;
				GENERATE_INFOPLIST_FILE = YES;
				IPHONEOS_DEPLOYMENT_TARGET = 17.2;
				MARKETING_VERSION = 1.0;
				PRODUCT_BUNDLE_IDENTIFIER = com.drsoft.MagicTheGatheringTests;
				PRODUCT_NAME = "$(TARGET_NAME)";
				SWIFT_EMIT_LOC_STRINGS = NO;
				SWIFT_VERSION = 5.0;
				TARGETED_DEVICE_FAMILY = "1,2";
				TEST_HOST = "$(BUILT_PRODUCTS_DIR)/MagicTheGathering.app/$(BUNDLE_EXECUTABLE_FOLDER_PATH)/MagicTheGathering";
			};
			name = Debug;
		};
		CDE2FE1D2BF8345A0031D8CE /* Release */ = {
			isa = XCBuildConfiguration;
			buildSettings = {
				ALWAYS_EMBED_SWIFT_STANDARD_LIBRARIES = YES;
				BUNDLE_LOADER = "$(TEST_HOST)";
				CODE_SIGN_STYLE = Automatic;
				CURRENT_PROJECT_VERSION = 1;
				DEVELOPMENT_TEAM = 52PJAVGKPQ;
				GENERATE_INFOPLIST_FILE = YES;
				IPHONEOS_DEPLOYMENT_TARGET = 17.2;
				MARKETING_VERSION = 1.0;
				PRODUCT_BUNDLE_IDENTIFIER = com.drsoft.MagicTheGatheringTests;
				PRODUCT_NAME = "$(TARGET_NAME)";
				SWIFT_EMIT_LOC_STRINGS = NO;
				SWIFT_VERSION = 5.0;
				TARGETED_DEVICE_FAMILY = "1,2";
				TEST_HOST = "$(BUILT_PRODUCTS_DIR)/MagicTheGathering.app/$(BUNDLE_EXECUTABLE_FOLDER_PATH)/MagicTheGathering";
			};
			name = Release;
		};
/* End XCBuildConfiguration section */

/* Begin XCConfigurationList section */
		CDE2FDE92BF834590031D8CE /* Build configuration list for PBXProject "MagicTheGathering" */ = {
			isa = XCConfigurationList;
			buildConfigurations = (
				CDE2FE162BF8345A0031D8CE /* Debug */,
				CDE2FE172BF8345A0031D8CE /* Release */,
			);
			defaultConfigurationIsVisible = 0;
			defaultConfigurationName = Release;
		};
		CDE2FE182BF8345A0031D8CE /* Build configuration list for PBXNativeTarget "MagicTheGathering" */ = {
			isa = XCConfigurationList;
			buildConfigurations = (
				CDE2FE192BF8345A0031D8CE /* Debug */,
				CDE2FE1A2BF8345A0031D8CE /* Release */,
			);
			defaultConfigurationIsVisible = 0;
			defaultConfigurationName = Release;
		};
		CDE2FE1B2BF8345A0031D8CE /* Build configuration list for PBXNativeTarget "MagicTheGatheringTests" */ = {
			isa = XCConfigurationList;
			buildConfigurations = (
				CDE2FE1C2BF8345A0031D8CE /* Debug */,
				CDE2FE1D2BF8345A0031D8CE /* Release */,
			);
			defaultConfigurationIsVisible = 0;
			defaultConfigurationName = Release;
		};
/* End XCConfigurationList section */
	};
	rootObject = CDE2FDE62BF834590031D8CE /* Project object */;
}
